
Microsoft Visual Studio Solution File, Format Version 12.00
# Visual Studio Version 17
VisualStudioVersion = 17.10.35027.167
MinimumVisualStudioVersion = 10.0.40219.1
Project("{FAE04EC0-301F-11D3-BF4B-00C04F79EFBC}") = "24_3", "24_3.csproj", "{6346F481-F915-459C-9514-67883A026874}"
EndProject
Global
	GlobalSection(SolutionConfigurationPlatforms) = preSolution
		Debug|Any CPU = Debug|Any CPU
		Release|Any CPU = Release|Any CPU
	EndGlobalSection
	GlobalSection(ProjectConfigurationPlatforms) = postSolution
		{6346F481-F915-459C-9514-67883A026874}.Debug|Any CPU.ActiveCfg = Debug|Any CPU
		{6346F481-F915-459C-9514-67883A026874}.Debug|Any CPU.Build.0 = Debug|Any CPU
		{6346F481-F915-459C-9514-67883A026874}.Release|Any CPU.ActiveCfg = Release|Any CPU
		{6346F481-F915-459C-9514-67883A026874}.Release|Any CPU.Build.0 = Release|Any CPU
	EndGlobalSection
	GlobalSection(SolutionProperties) = preSolution
		HideSolutionNode = FALSE
	EndGlobalSection
	GlobalSection(ExtensibilityGlobals) = postSolution
		SolutionGuid = {A670F64B-F95C-41AB-897F-CA5EA3346BD5}
	EndGlobalSection
EndGlobal
